# THIS IS AN AUTOGENERATED FILE. DO NOT EDIT THIS FILE DIRECTLY.
# yarn lockfile v1


"@esbuild/linux-x64@0.25.0":
  version "0.25.0"
  resolved "https://registry.npmjs.org/@esbuild/linux-x64/-/linux-x64-0.25.0.tgz"
  integrity sha512-9yl91rHw/cpwMCNytUDxwj2XjFpxML0y9HAOH9pNVQDpQrBxHy01Dx+vaMu0N1CKa/RzBD2hB4u//nfc+Sd3Cw==

"@hono/node-server@^1.13.8":
  version "1.13.8"
  resolved "https://registry.npmjs.org/@hono/node-server/-/node-server-1.13.8.tgz"
  integrity sha512-fsn8ucecsAXUoVxrUil0m13kOEq4mkX4/4QozCqmY+HpGfKl74OYSn8JcMA8GnG0ClfdRI4/ZSeG7zhFaVg+wg==

"@oven/bun-linux-x64-baseline@1.2.2":
  version "1.2.2"
  resolved "https://registry.npmjs.org/@oven/bun-linux-x64-baseline/-/bun-linux-x64-baseline-1.2.2.tgz"
  integrity sha512-YvIilLbII9+sjwnZVumwItoUKSUHJHo9xYw5hcf6aeqDztK1ebGzNIJpE0RgjIT+GYqy504Yz5cK77CGpyVyJw==

"@oven/bun-linux-x64-musl-baseline@1.2.2":
  version "1.2.2"
  resolved "https://registry.npmjs.org/@oven/bun-linux-x64-musl-baseline/-/bun-linux-x64-musl-baseline-1.2.2.tgz"
  integrity sha512-K2o2vSHSnGn+ayXUuFJ+7O5L5Mc+uOIydMc5WI9bMhvmEtRqlohrwQR56HPzeFZVPWvmHdxb34VIceEKXmig6Q==

"@oven/bun-linux-x64-musl@1.2.2":
  version "1.2.2"
  resolved "https://registry.npmjs.org/@oven/bun-linux-x64-musl/-/bun-linux-x64-musl-1.2.2.tgz"
  integrity sha512-6uyUXVNH5jUsvhyzD0uiQNe8VPujuGTsHHDTW1LvRR6Lgr6AVaYjdk45ypbDSauRQsABxDKFQdfQqemkM97sYw==

"@oven/bun-linux-x64@1.2.2":
  version "1.2.2"
  resolved "https://registry.npmjs.org/@oven/bun-linux-x64/-/bun-linux-x64-1.2.2.tgz"
  integrity sha512-qoEkSdWGvTcX2/Iv3nUcwIcOk72L9Pg6X4ONUXV7luuOHsXktoQK5vuQeCC5FTxCEPjfoKy1GFAFomoU4qZDGQ==

"@types/node@^20.11.17":
  version "20.17.19"
  resolved "https://registry.npmjs.org/@types/node/-/node-20.17.19.tgz"
  integrity sha512-LEwC7o1ifqg/6r2gn9Dns0f1rhK+fPFDoMiceTJ6kWmVk6bgXBI/9IOWfVan4WiAavK9pIVWdX0/e3J+eEUh5A==
  dependencies:
    undici-types "~6.19.2"

bun@^1.2.2:
  version "1.2.2"
  resolved "https://registry.npmjs.org/bun/-/bun-1.2.2.tgz"
  integrity sha512-RUc8uVVTw8WoASUzXaEQJR1s7mnwoHm3P871qBUIqSaoOpuwcU+bSVX151/xoqDwnyv38SjOX7yQ3oO0IeT73g==
  optionalDependencies:
    "@oven/bun-darwin-aarch64" "1.2.2"
    "@oven/bun-darwin-x64" "1.2.2"
    "@oven/bun-darwin-x64-baseline" "1.2.2"
    "@oven/bun-linux-aarch64" "1.2.2"
    "@oven/bun-linux-aarch64-musl" "1.2.2"
    "@oven/bun-linux-x64" "1.2.2"
    "@oven/bun-linux-x64-baseline" "1.2.2"
    "@oven/bun-linux-x64-musl" "1.2.2"
    "@oven/bun-linux-x64-musl-baseline" "1.2.2"
    "@oven/bun-windows-x64" "1.2.2"
    "@oven/bun-windows-x64-baseline" "1.2.2"

esbuild@~0.25.0:
  version "0.25.0"
  resolved "https://registry.npmjs.org/esbuild/-/esbuild-0.25.0.tgz"
  integrity sha512-BXq5mqc8ltbaN34cDqWuYKyNhX8D/Z0J1xdtdQ8UcIIIyJyz+ZMKUt58tF3SrZ85jcfN/PZYhjR5uDQAYNVbuw==
  optionalDependencies:
    "@esbuild/aix-ppc64" "0.25.0"
    "@esbuild/android-arm" "0.25.0"
    "@esbuild/android-arm64" "0.25.0"
    "@esbuild/android-x64" "0.25.0"
    "@esbuild/darwin-arm64" "0.25.0"
    "@esbuild/darwin-x64" "0.25.0"
    "@esbuild/freebsd-arm64" "0.25.0"
    "@esbuild/freebsd-x64" "0.25.0"
    "@esbuild/linux-arm" "0.25.0"
    "@esbuild/linux-arm64" "0.25.0"
    "@esbuild/linux-ia32" "0.25.0"
    "@esbuild/linux-loong64" "0.25.0"
    "@esbuild/linux-mips64el" "0.25.0"
    "@esbuild/linux-ppc64" "0.25.0"
    "@esbuild/linux-riscv64" "0.25.0"
    "@esbuild/linux-s390x" "0.25.0"
    "@esbuild/linux-x64" "0.25.0"
    "@esbuild/netbsd-arm64" "0.25.0"
    "@esbuild/netbsd-x64" "0.25.0"
    "@esbuild/openbsd-arm64" "0.25.0"
    "@esbuild/openbsd-x64" "0.25.0"
    "@esbuild/sunos-x64" "0.25.0"
    "@esbuild/win32-arm64" "0.25.0"
    "@esbuild/win32-ia32" "0.25.0"
    "@esbuild/win32-x64" "0.25.0"

get-tsconfig@^4.7.5:
  version "4.10.0"
  resolved "https://registry.npmjs.org/get-tsconfig/-/get-tsconfig-4.10.0.tgz"
  integrity sha512-kGzZ3LWWQcGIAmg6iWvXn0ei6WDtV26wzHRMwDSzmAbcXrTEXxHy6IehI6/4eT6VRKyMP1eF1VqwrVUmE/LR7A==
  dependencies:
    resolve-pkg-maps "^1.0.0"

hono@^4, hono@^4.7.2:
  version "4.7.2"
  resolved "https://registry.npmjs.org/hono/-/hono-4.7.2.tgz"
  integrity sha512-8V5XxoOF6SI12jkHkzX/6aLBMU5GEF5g387EjVSQipS0DlxWgWGSMeEayY3CRBjtTUQYwLHx9JYouWqKzy2Vng==

resolve-pkg-maps@^1.0.0:
  version "1.0.0"
  resolved "https://registry.npmjs.org/resolve-pkg-maps/-/resolve-pkg-maps-1.0.0.tgz"
  integrity sha512-seS2Tj26TBVOC2NIc2rOe2y2ZO7efxITtLZcGSOnHHNOQ7CkiUBfw0Iw2ck6xkIhPwLhKNLS8BO+hEpngQlqzw==

tsx@^4.7.1:
  version "4.19.3"
  resolved "https://registry.npmjs.org/tsx/-/tsx-4.19.3.tgz"
  integrity sha512-4H8vUNGNjQ4V2EOoGw005+c+dGuPSnhpPBPHBtsZdGZBk/iJb4kguGlPWaZTZ3q5nMtFOEsY0nRDlh9PJyd6SQ==
  dependencies:
    esbuild "~0.25.0"
    get-tsconfig "^4.7.5"
  optionalDependencies:
    fsevents "~2.3.3"

typescript@^5.7.3:
  version "5.7.3"
  resolved "https://registry.npmjs.org/typescript/-/typescript-5.7.3.tgz"
  integrity sha512-84MVSjMEHP+FQRPy3pX9sTVV/INIex71s9TL2Gm5FG/WG1SqXeKyZ0k7/blY/4FdOzI12CBy1vGc4og/eus0fw==

undici-types@~6.19.2:
  version "6.19.8"
  resolved "https://registry.npmjs.org/undici-types/-/undici-types-6.19.8.tgz"
  integrity sha512-ve2KP6f/JnbPBFyobGHuerC9g1FYGn/F8n1LWTwNxCEzd6IfqTwUQcNXgEtmmQ6DlRrC1hrSrBnCZPokRrDHjw==
